{
  "name": "parcer",
  "lockfileVersion": 3,
  "requires": true,
  "packages": {
    "": {
      "dependencies": {
        "codemirror-pansoft": "^10.1.0",
        "typescript": "^5.0.3"
      },
      "devDependencies": {
        "@types/ace": "^0.0.48",
        "@types/codemirror": "^5.60.7",
        "@types/node": "^18.15.11"
      }
    },
    "node_modules/@types/ace": {
      "version": "0.0.48",
      "resolved": "https://registry.npmjs.org/@types/ace/-/ace-0.0.48.tgz",
      "integrity": "sha512-esV6hOWiDOZ6d7w5S11iLu6LQsPGe/9RPzhri7gNNLdrK1LFpO9/m7IZhQL6dat0JHICJ7l51zvHAiCgnPLLHA==",
      "dev": true
    },
    "node_modules/@types/codemirror": {
      "version": "5.60.7",
      "resolved": "https://registry.npmjs.org/@types/codemirror/-/codemirror-5.60.7.tgz",
      "integrity": "sha512-QXIC+RPzt/1BGSuD6iFn6UMC9TDp+9hkOANYNPVsjjrDdzKphfRkwQDKGp2YaC54Yhz0g6P5uYTCCibZZEiMAA==",
      "dev": true,
      "dependencies": {
        "@types/tern": "*"
      }
    },
    "node_modules/@types/estree": {
      "version": "1.0.0",
      "resolved": "https://registry.npmjs.org/@types/estree/-/estree-1.0.0.tgz",
      "integrity": "sha512-WulqXMDUTYAXCjZnk6JtIHPigp55cVtDgDrO2gHRwhyJto21+1zbVCtOYB2L1F9w4qCQ0rOGWBnBe0FNTiEJIQ==",
      "dev": true
    },
    "node_modules/@types/node": {
      "version": "18.15.11",
      "resolved": "https://registry.npmjs.org/@types/node/-/node-18.15.11.tgz",
      "integrity": "sha512-E5Kwq2n4SbMzQOn6wnmBjuK9ouqlURrcZDVfbo9ftDDTFt3nk7ZKK4GMOzoYgnpQJKcxwQw+lGaBvvlMo0qN/Q==",
      "dev": true
    },
    "node_modules/@types/tern": {
      "version": "0.23.4",
      "resolved": "https://registry.npmjs.org/@types/tern/-/tern-0.23.4.tgz",
      "integrity": "sha512-JAUw1iXGO1qaWwEOzxTKJZ/5JxVeON9kvGZ/osgZaJImBnyjyn0cjovPsf6FNLmyGY8Vw9DoXZCMlfMkMwHRWg==",
      "dev": true,
      "dependencies": {
        "@types/estree": "*"
      }
    },
    "node_modules/codemirror-pansoft": {
      "version": "10.1.0",
      "resolved": "https://registry.npmjs.org/codemirror-pansoft/-/codemirror-pansoft-10.1.0.tgz",
      "integrity": "sha512-rP5RNQ1qfIhS7iLpPFudptXNYz/2v6e7aVi5s1SFuraiJnB5WFngoig+KbyUWmcPWDsc4+Hz3an6qos1J+XLpQ=="
    },
    "node_modules/typescript": {
      "version": "5.0.3",
      "resolved": "https://registry.npmjs.org/typescript/-/typescript-5.0.3.tgz",
      "integrity": "sha512-xv8mOEDnigb/tN9PSMTwSEqAnUvkoXMQlicOb0IUVDBSQCgBSaAAROUZYy2IcUy5qU6XajK5jjjO7TMWqBTKZA==",
      "bin": {
        "tsc": "bin/tsc",
        "tsserver": "bin/tsserver"
      },
      "engines": {
        "node": ">=12.20"
      }
    }
  }
}
